// !$*UTF8*$!
{
	archiveVersion = 1;
	classes = {
	};
	objectVersion = 51;
	objects = {

/* Begin PBXBuildFile section */
		471820C425F98FAA00CF2A87 /* CalendarPopUpView.swift in Sources */ = {isa = PBXBuildFile; fileRef = 471820C325F98FAA00CF2A87 /* CalendarPopUpView.swift */; };
		473807D825BE5CA300E0EF02 /* AbsentViewController.swift in Sources */ = {isa = PBXBuildFile; fileRef = 473807D725BE5CA300E0EF02 /* AbsentViewController.swift */; };
		4767A45725A63D2A00BDAB6E /* MeetingViewController.swift in Sources */ = {isa = PBXBuildFile; fileRef = 4767A45625A63D2A00BDAB6E /* MeetingViewController.swift */; };
		47CB945325FC41C1005E4FF6 /* DayRangeIndicatorView.swift in Sources */ = {isa = PBXBuildFile; fileRef = 47CB945225FC41C1005E4FF6 /* DayRangeIndicatorView.swift */; };
		8418F66F241ECB50002DC8A0 /* AppDelegate.swift in Sources */ = {isa = PBXBuildFile; fileRef = 8418F66E241ECB50002DC8A0 /* AppDelegate.swift */; };
		8418F671241ECB50002DC8A0 /* SceneDelegate.swift in Sources */ = {isa = PBXBuildFile; fileRef = 8418F670241ECB50002DC8A0 /* SceneDelegate.swift */; };
		8418F676241ECB50002DC8A0 /* Main.storyboard in Resources */ = {isa = PBXBuildFile; fileRef = 8418F674241ECB50002DC8A0 /* Main.storyboard */; };
		8418F678241ECB52002DC8A0 /* Assets.xcassets in Resources */ = {isa = PBXBuildFile; fileRef = 8418F677241ECB52002DC8A0 /* Assets.xcassets */; };
		8418F67B241ECB52002DC8A0 /* LaunchScreen.storyboard in Resources */ = {isa = PBXBuildFile; fileRef = 8418F679241ECB52002DC8A0 /* LaunchScreen.storyboard */; };
		8423C33D251190AE004EEB77 /* Utilities.swift in Sources */ = {isa = PBXBuildFile; fileRef = 8423C33B251190AE004EEB77 /* Utilities.swift */; };
		844DBC1625491CC500AD91E2 /* FriendsViewController.swift in Sources */ = {isa = PBXBuildFile; fileRef = 844DBC1225491CA800AD91E2 /* FriendsViewController.swift */; };
		844DBC1725491CC500AD91E2 /* FriendCell.swift in Sources */ = {isa = PBXBuildFile; fileRef = 844DBC1325491CB400AD91E2 /* FriendCell.swift */; };
		844DBC1825491CC500AD91E2 /* Friend.swift in Sources */ = {isa = PBXBuildFile; fileRef = 844DBC1425491CBE00AD91E2 /* Friend.swift */; };
		844DBC1925491CC500AD91E2 /* EditFriendTableViewController.swift in Sources */ = {isa = PBXBuildFile; fileRef = 844DBC1525491CC500AD91E2 /* EditFriendTableViewController.swift */; };
		846F013224FF5ACF00805339 /* GoogleService-Info.plist in Resources */ = {isa = PBXBuildFile; fileRef = 846F013124FF5ACF00805339 /* GoogleService-Info.plist */; };
		846F013424FF5B2D00805339 /* HelperFolder in Resources */ = {isa = PBXBuildFile; fileRef = 846F013324FF5B2D00805339 /* HelperFolder */; };
		848A85F5253E99E400E42823 /* RandomCodeGenerator.swift in Sources */ = {isa = PBXBuildFile; fileRef = 848A85F4253E99E400E42823 /* RandomCodeGenerator.swift */; };
		84B1C06F25104CDD0051E6F6 /* SignUpViewController.swift in Sources */ = {isa = PBXBuildFile; fileRef = 846F013624FF5B4D00805339 /* SignUpViewController.swift */; };
		84B1C07125104CE00051E6F6 /* LoginViewController.swift in Sources */ = {isa = PBXBuildFile; fileRef = 846F013824FF5B4D00805339 /* LoginViewController.swift */; };
		84B1C07225104CE10051E6F6 /* Main.swift in Sources */ = {isa = PBXBuildFile; fileRef = 846F013A24FF5B4D00805339 /* Main.swift */; };
		84B1C07325104CE20051E6F6 /* ProfileViewController.swift in Sources */ = {isa = PBXBuildFile; fileRef = 846F013924FF5B4D00805339 /* ProfileViewController.swift */; };
		84D08A7D2538D01F00B6C487 /* EditViewController.swift in Sources */ = {isa = PBXBuildFile; fileRef = 84D08A7C2538D01F00B6C487 /* EditViewController.swift */; };
		84D08A802538FC4200B6C487 /* MainTabBarController.swift in Sources */ = {isa = PBXBuildFile; fileRef = 84D08A7F2538FC4200B6C487 /* MainTabBarController.swift */; };
		84FCD1222513D938004E02A2 /* Constants.swift in Sources */ = {isa = PBXBuildFile; fileRef = 84FCD1212513D938004E02A2 /* Constants.swift */; };
		F439E704433159FC41D1470E /* Pods_Filest.framework in Frameworks */ = {isa = PBXBuildFile; fileRef = C9E919D460DDA765AECF3A86 /* Pods_Filest.framework */; };
/* End PBXBuildFile section */

/* Begin PBXFileReference section */
		471820C325F98FAA00CF2A87 /* CalendarPopUpView.swift */ = {isa = PBXFileReference; lastKnownFileType = sourcecode.swift; path = CalendarPopUpView.swift; sourceTree = "<group>"; };
		473807D725BE5CA300E0EF02 /* AbsentViewController.swift */ = {isa = PBXFileReference; lastKnownFileType = sourcecode.swift; path = AbsentViewController.swift; sourceTree = "<group>"; };
		4767A45625A63D2A00BDAB6E /* MeetingViewController.swift */ = {isa = PBXFileReference; lastKnownFileType = sourcecode.swift; path = MeetingViewController.swift; sourceTree = "<group>"; };
		47CB945225FC41C1005E4FF6 /* DayRangeIndicatorView.swift */ = {isa = PBXFileReference; lastKnownFileType = sourcecode.swift; path = DayRangeIndicatorView.swift; sourceTree = "<group>"; };
		5D5D92F0459853EE025D9CFA /* Pods-Filest.release.xcconfig */ = {isa = PBXFileReference; includeInIndex = 1; lastKnownFileType = text.xcconfig; name = "Pods-Filest.release.xcconfig"; path = "Target Support Files/Pods-Filest/Pods-Filest.release.xcconfig"; sourceTree = "<group>"; };
		62FDF55041CD3DCD8376896C /* Pods-Filest.debug.xcconfig */ = {isa = PBXFileReference; includeInIndex = 1; lastKnownFileType = text.xcconfig; name = "Pods-Filest.debug.xcconfig"; path = "Target Support Files/Pods-Filest/Pods-Filest.debug.xcconfig"; sourceTree = "<group>"; };
		8418F66B241ECB50002DC8A0 /* Filest.app */ = {isa = PBXFileReference; explicitFileType = wrapper.application; includeInIndex = 0; path = Filest.app; sourceTree = BUILT_PRODUCTS_DIR; };
		8418F66E241ECB50002DC8A0 /* AppDelegate.swift */ = {isa = PBXFileReference; lastKnownFileType = sourcecode.swift; path = AppDelegate.swift; sourceTree = "<group>"; };
		8418F670241ECB50002DC8A0 /* SceneDelegate.swift */ = {isa = PBXFileReference; lastKnownFileType = sourcecode.swift; path = SceneDelegate.swift; sourceTree = "<group>"; };
		8418F675241ECB50002DC8A0 /* Base */ = {isa = PBXFileReference; lastKnownFileType = file.storyboard; name = Base; path = Base.lproj/Main.storyboard; sourceTree = "<group>"; };
		8418F677241ECB52002DC8A0 /* Assets.xcassets */ = {isa = PBXFileReference; lastKnownFileType = folder.assetcatalog; path = Assets.xcassets; sourceTree = "<group>"; };
		8418F67A241ECB52002DC8A0 /* Base */ = {isa = PBXFileReference; lastKnownFileType = file.storyboard; name = Base; path = Base.lproj/LaunchScreen.storyboard; sourceTree = "<group>"; };
		8418F67C241ECB52002DC8A0 /* Info.plist */ = {isa = PBXFileReference; lastKnownFileType = text.plist.xml; path = Info.plist; sourceTree = "<group>"; };
		8423C33B251190AE004EEB77 /* Utilities.swift */ = {isa = PBXFileReference; fileEncoding = 4; lastKnownFileType = sourcecode.swift; path = Utilities.swift; sourceTree = "<group>"; };
		844DBC1225491CA800AD91E2 /* FriendsViewController.swift */ = {isa = PBXFileReference; fileEncoding = 4; lastKnownFileType = sourcecode.swift; path = FriendsViewController.swift; sourceTree = "<group>"; };
		844DBC1325491CB400AD91E2 /* FriendCell.swift */ = {isa = PBXFileReference; fileEncoding = 4; lastKnownFileType = sourcecode.swift; path = FriendCell.swift; sourceTree = "<group>"; };
		844DBC1425491CBE00AD91E2 /* Friend.swift */ = {isa = PBXFileReference; fileEncoding = 4; lastKnownFileType = sourcecode.swift; path = Friend.swift; sourceTree = "<group>"; };
		844DBC1525491CC500AD91E2 /* EditFriendTableViewController.swift */ = {isa = PBXFileReference; fileEncoding = 4; lastKnownFileType = sourcecode.swift; path = EditFriendTableViewController.swift; sourceTree = "<group>"; };
		846F013124FF5ACF00805339 /* GoogleService-Info.plist */ = {isa = PBXFileReference; fileEncoding = 4; lastKnownFileType = text.plist.xml; path = "GoogleService-Info.plist"; sourceTree = "<group>"; };
		846F013324FF5B2D00805339 /* HelperFolder */ = {isa = PBXFileReference; lastKnownFileType = folder; path = HelperFolder; sourceTree = "<group>"; };
		846F013624FF5B4D00805339 /* SignUpViewController.swift */ = {isa = PBXFileReference; lastKnownFileType = sourcecode.swift; path = SignUpViewController.swift; sourceTree = "<group>"; };
		846F013824FF5B4D00805339 /* LoginViewController.swift */ = {isa = PBXFileReference; lastKnownFileType = sourcecode.swift; path = LoginViewController.swift; sourceTree = "<group>"; };
		846F013924FF5B4D00805339 /* ProfileViewController.swift */ = {isa = PBXFileReference; lastKnownFileType = sourcecode.swift; path = ProfileViewController.swift; sourceTree = "<group>"; };
		846F013A24FF5B4D00805339 /* Main.swift */ = {isa = PBXFileReference; lastKnownFileType = sourcecode.swift; path = Main.swift; sourceTree = "<group>"; };
		848A85F4253E99E400E42823 /* RandomCodeGenerator.swift */ = {isa = PBXFileReference; lastKnownFileType = sourcecode.swift; path = RandomCodeGenerator.swift; sourceTree = "<group>"; };
		84D08A7C2538D01F00B6C487 /* EditViewController.swift */ = {isa = PBXFileReference; lastKnownFileType = sourcecode.swift; path = EditViewController.swift; sourceTree = "<group>"; };
		84D08A7F2538FC4200B6C487 /* MainTabBarController.swift */ = {isa = PBXFileReference; lastKnownFileType = sourcecode.swift; path = MainTabBarController.swift; sourceTree = "<group>"; };
		84FCD1212513D938004E02A2 /* Constants.swift */ = {isa = PBXFileReference; lastKnownFileType = sourcecode.swift; name = Constants.swift; path = Filest/Constants.swift; sourceTree = SOURCE_ROOT; };
		C9E919D460DDA765AECF3A86 /* Pods_Filest.framework */ = {isa = PBXFileReference; explicitFileType = wrapper.framework; includeInIndex = 0; path = Pods_Filest.framework; sourceTree = BUILT_PRODUCTS_DIR; };
/* End PBXFileReference section */

/* Begin PBXFrameworksBuildPhase section */
		8418F668241ECB50002DC8A0 /* Frameworks */ = {
			isa = PBXFrameworksBuildPhase;
			buildActionMask = 2147483647;
			files = (
				F439E704433159FC41D1470E /* Pods_Filest.framework in Frameworks */,
			);
			runOnlyForDeploymentPostprocessing = 0;
		};
/* End PBXFrameworksBuildPhase section */

/* Begin PBXGroup section */
		454F8B025731D5822B505C3A /* Pods */ = {
			isa = PBXGroup;
			children = (
				62FDF55041CD3DCD8376896C /* Pods-Filest.debug.xcconfig */,
				5D5D92F0459853EE025D9CFA /* Pods-Filest.release.xcconfig */,
			);
			path = Pods;
			sourceTree = "<group>";
		};
		4FB64C27B44746A65A28DD25 /* Frameworks */ = {
			isa = PBXGroup;
			children = (
				C9E919D460DDA765AECF3A86 /* Pods_Filest.framework */,
			);
			name = Frameworks;
			sourceTree = "<group>";
		};
		8418F662241ECB50002DC8A0 = {
			isa = PBXGroup;
			children = (
				8418F66D241ECB50002DC8A0 /* Filest */,
				8418F66C241ECB50002DC8A0 /* Products */,
				454F8B025731D5822B505C3A /* Pods */,
				4FB64C27B44746A65A28DD25 /* Frameworks */,
			);
			sourceTree = "<group>";
		};
		8418F66C241ECB50002DC8A0 /* Products */ = {
			isa = PBXGroup;
			children = (
				8418F66B241ECB50002DC8A0 /* Filest.app */,
			);
			name = Products;
			sourceTree = "<group>";
		};
		8418F66D241ECB50002DC8A0 /* Filest */ = {
			isa = PBXGroup;
			children = (
				84C5B7DF2548E34300E77268 /* Contacts */,
				8418F66E241ECB50002DC8A0 /* AppDelegate.swift */,
				8418F670241ECB50002DC8A0 /* SceneDelegate.swift */,
				8418F674241ECB50002DC8A0 /* Main.storyboard */,
				846F013124FF5ACF00805339 /* GoogleService-Info.plist */,
				846F013324FF5B2D00805339 /* HelperFolder */,
				8418F677241ECB52002DC8A0 /* Assets.xcassets */,
				8423C33A251190A0004EEB77 /* Helper */,
				8418F679241ECB52002DC8A0 /* LaunchScreen.storyboard */,
				846F013524FF5B4D00805339 /* ViewControllers */,
				8418F67C241ECB52002DC8A0 /* Info.plist */,
				848A85F4253E99E400E42823 /* RandomCodeGenerator.swift */,
			);
			path = Filest;
			sourceTree = "<group>";
		};
		8423C33A251190A0004EEB77 /* Helper */ = {
			isa = PBXGroup;
			children = (
				8423C33B251190AE004EEB77 /* Utilities.swift */,
				84FCD1212513D938004E02A2 /* Constants.swift */,
			);
			path = Helper;
			sourceTree = "<group>";
		};
		846F013524FF5B4D00805339 /* ViewControllers */ = {
			isa = PBXGroup;
			children = (
				846F013624FF5B4D00805339 /* SignUpViewController.swift */,
				846F013924FF5B4D00805339 /* ProfileViewController.swift */,
				846F013824FF5B4D00805339 /* LoginViewController.swift */,
				846F013A24FF5B4D00805339 /* Main.swift */,
				84D08A7C2538D01F00B6C487 /* EditViewController.swift */,
				84D08A7F2538FC4200B6C487 /* MainTabBarController.swift */,
				4767A45625A63D2A00BDAB6E /* MeetingViewController.swift */,
				473807D725BE5CA300E0EF02 /* AbsentViewController.swift */,
				471820C325F98FAA00CF2A87 /* CalendarPopUpView.swift */,
				47CB945225FC41C1005E4FF6 /* DayRangeIndicatorView.swift */,
			);
			path = ViewControllers;
			sourceTree = "<group>";
		};
		84C5B7DF2548E34300E77268 /* Contacts */ = {
			isa = PBXGroup;
			children = (
				844DBC1525491CC500AD91E2 /* EditFriendTableViewController.swift */,
				844DBC1425491CBE00AD91E2 /* Friend.swift */,
				844DBC1325491CB400AD91E2 /* FriendCell.swift */,
				844DBC1225491CA800AD91E2 /* FriendsViewController.swift */,
			);
			path = Contacts;
			sourceTree = "<group>";
		};
/* End PBXGroup section */

/* Begin PBXNativeTarget section */
		8418F66A241ECB50002DC8A0 /* Filest */ = {
			isa = PBXNativeTarget;
			buildConfigurationList = 8418F67F241ECB52002DC8A0 /* Build configuration list for PBXNativeTarget "Filest" */;
			buildPhases = (
				365210FE7DB36761850E2FBF /* [CP] Check Pods Manifest.lock */,
				8418F667241ECB50002DC8A0 /* Sources */,
				8418F668241ECB50002DC8A0 /* Frameworks */,
				8418F669241ECB50002DC8A0 /* Resources */,
				FED80BA9B62EBD9923F9FB03 /* [CP] Embed Pods Frameworks */,
				50807EB79C22533E59D49FEC /* [CP] Copy Pods Resources */,
			);
			buildRules = (
			);
			dependencies = (
			);
			name = Filest;
			productName = Filest;
			productReference = 8418F66B241ECB50002DC8A0 /* Filest.app */;
			productType = "com.apple.product-type.application";
		};
/* End PBXNativeTarget section */

/* Begin PBXProject section */
		8418F663241ECB50002DC8A0 /* Project object */ = {
			isa = PBXProject;
			attributes = {
				LastSwiftUpdateCheck = 1130;
				LastUpgradeCheck = 1210;
				ORGANIZATIONNAME = "Z-Lux";
				TargetAttributes = {
					8418F66A241ECB50002DC8A0 = {
						CreatedOnToolsVersion = 11.3;
					};
				};
			};
			buildConfigurationList = 8418F666241ECB50002DC8A0 /* Build configuration list for PBXProject "Filest" */;
			compatibilityVersion = "Xcode 9.3";
			developmentRegion = en;
			hasScannedForEncodings = 0;
			knownRegions = (
				en,
				Base,
			);
			mainGroup = 8418F662241ECB50002DC8A0;
			productRefGroup = 8418F66C241ECB50002DC8A0 /* Products */;
			projectDirPath = "";
			projectRoot = "";
			targets = (
				8418F66A241ECB50002DC8A0 /* Filest */,
			);
		};
/* End PBXProject section */

/* Begin PBXResourcesBuildPhase section */
		8418F669241ECB50002DC8A0 /* Resources */ = {
			isa = PBXResourcesBuildPhase;
			buildActionMask = 2147483647;
			files = (
				846F013424FF5B2D00805339 /* HelperFolder in Resources */,
				8418F67B241ECB52002DC8A0 /* LaunchScreen.storyboard in Resources */,
				8418F678241ECB52002DC8A0 /* Assets.xcassets in Resources */,
				8418F676241ECB50002DC8A0 /* Main.storyboard in Resources */,
				846F013224FF5ACF00805339 /* GoogleService-Info.plist in Resources */,
			);
			runOnlyForDeploymentPostprocessing = 0;
		};
/* End PBXResourcesBuildPhase section */

/* Begin PBXShellScriptBuildPhase section */
		365210FE7DB36761850E2FBF /* [CP] Check Pods Manifest.lock */ = {
			isa = PBXShellScriptBuildPhase;
			buildActionMask = 2147483647;
			files = (
			);
			inputFileListPaths = (
			);
			inputPaths = (
				"${PODS_PODFILE_DIR_PATH}/Podfile.lock",
				"${PODS_ROOT}/Manifest.lock",
			);
			name = "[CP] Check Pods Manifest.lock";
			outputFileListPaths = (
			);
			outputPaths = (
				"$(DERIVED_FILE_DIR)/Pods-Filest-checkManifestLockResult.txt",
			);
			runOnlyForDeploymentPostprocessing = 0;
			shellPath = /bin/sh;
			shellScript = "diff \"${PODS_PODFILE_DIR_PATH}/Podfile.lock\" \"${PODS_ROOT}/Manifest.lock\" > /dev/null\nif [ $? != 0 ] ; then\n    # print error to STDERR\n    echo \"error: The sandbox is not in sync with the Podfile.lock. Run 'pod install' or update your CocoaPods installation.\" >&2\n    exit 1\nfi\n# This output is used by Xcode 'outputs' to avoid re-running this script phase.\necho \"SUCCESS\" > \"${SCRIPT_OUTPUT_FILE_0}\"\n";
			showEnvVarsInLog = 0;
		};
		50807EB79C22533E59D49FEC /* [CP] Copy Pods Resources */ = {
			isa = PBXShellScriptBuildPhase;
			buildActionMask = 2147483647;
			files = (
			);
			inputFileListPaths = (
				"${PODS_ROOT}/Target Support Files/Pods-Filest/Pods-Filest-resources-${CONFIGURATION}-input-files.xcfilelist",
			);
			name = "[CP] Copy Pods Resources";
			outputFileListPaths = (
				"${PODS_ROOT}/Target Support Files/Pods-Filest/Pods-Filest-resources-${CONFIGURATION}-output-files.xcfilelist",
			);
			runOnlyForDeploymentPostprocessing = 0;
			shellPath = /bin/sh;
			shellScript = "\"${PODS_ROOT}/Target Support Files/Pods-Filest/Pods-Filest-resources.sh\"\n";
			showEnvVarsInLog = 0;
		};
		FED80BA9B62EBD9923F9FB03 /* [CP] Embed Pods Frameworks */ = {
			isa = PBXShellScriptBuildPhase;
			buildActionMask = 2147483647;
			files = (
			);
			inputFileListPaths = (
				"${PODS_ROOT}/Target Support Files/Pods-Filest/Pods-Filest-frameworks-${CONFIGURATION}-input-files.xcfilelist",
			);
			name = "[CP] Embed Pods Frameworks";
			outputFileListPaths = (
				"${PODS_ROOT}/Target Support Files/Pods-Filest/Pods-Filest-frameworks-${CONFIGURATION}-output-files.xcfilelist",
			);
			runOnlyForDeploymentPostprocessing = 0;
			shellPath = /bin/sh;
			shellScript = "\"${PODS_ROOT}/Target Support Files/Pods-Filest/Pods-Filest-frameworks.sh\"\n";
			showEnvVarsInLog = 0;
		};
/* End PBXShellScriptBuildPhase section */

/* Begin PBXSourcesBuildPhase section */
		8418F667241ECB50002DC8A0 /* Sources */ = {
			isa = PBXSourcesBuildPhase;
			buildActionMask = 2147483647;
			files = (
				84D08A7D2538D01F00B6C487 /* EditViewController.swift in Sources */,
				47CB945325FC41C1005E4FF6 /* DayRangeIndicatorView.swift in Sources */,
				848A85F5253E99E400E42823 /* RandomCodeGenerator.swift in Sources */,
				84B1C07225104CE10051E6F6 /* Main.swift in Sources */,
				844DBC1625491CC500AD91E2 /* FriendsViewController.swift in Sources */,
				84D08A802538FC4200B6C487 /* MainTabBarController.swift in Sources */,
				84B1C06F25104CDD0051E6F6 /* SignUpViewController.swift in Sources */,
				844DBC1925491CC500AD91E2 /* EditFriendTableViewController.swift in Sources */,
				471820C425F98FAA00CF2A87 /* CalendarPopUpView.swift in Sources */,
				8418F66F241ECB50002DC8A0 /* AppDelegate.swift in Sources */,
				84B1C07325104CE20051E6F6 /* ProfileViewController.swift in Sources */,
				84FCD1222513D938004E02A2 /* Constants.swift in Sources */,
				844DBC1825491CC500AD91E2 /* Friend.swift in Sources */,
				844DBC1725491CC500AD91E2 /* FriendCell.swift in Sources */,
				4767A45725A63D2A00BDAB6E /* MeetingViewController.swift in Sources */,
				84B1C07125104CE00051E6F6 /* LoginViewController.swift in Sources */,
				8423C33D251190AE004EEB77 /* Utilities.swift in Sources */,
				473807D825BE5CA300E0EF02 /* AbsentViewController.swift in Sources */,
				8418F671241ECB50002DC8A0 /* SceneDelegate.swift in Sources */,
			);
			runOnlyForDeploymentPostprocessing = 0;
		};
/* End PBXSourcesBuildPhase section */

/* Begin PBXVariantGroup section */
		8418F674241ECB50002DC8A0 /* Main.storyboard */ = {
			isa = PBXVariantGroup;
			children = (
				8418F675241ECB50002DC8A0 /* Base */,
			);
			name = Main.storyboard;
			sourceTree = "<group>";
		};
		8418F679241ECB52002DC8A0 /* LaunchScreen.storyboard */ = {
			isa = PBXVariantGroup;
			children = (
				8418F67A241ECB52002DC8A0 /* Base */,
			);
			name = LaunchScreen.storyboard;
			sourceTree = "<group>";
		};
/* End PBXVariantGroup section */

/* Begin XCBuildConfiguration section */
		8418F67D241ECB52002DC8A0 /* Debug */ = {
			isa = XCBuildConfiguration;
			buildSettings = {
				ALWAYS_SEARCH_USER_PATHS = NO;
				CLANG_ANALYZER_NONNULL = YES;
				CLANG_ANALYZER_NUMBER_OBJECT_CONVERSION = YES_AGGRESSIVE;
				CLANG_CXX_LANGUAGE_STANDARD = "gnu++14";
				CLANG_CXX_LIBRARY = "libc++";
				CLANG_ENABLE_MODULES = YES;
				CLANG_ENABLE_OBJC_ARC = YES;
				CLANG_ENABLE_OBJC_WEAK = YES;
				CLANG_WARN_BLOCK_CAPTURE_AUTORELEASING = YES;
				CLANG_WARN_BOOL_CONVERSION = YES;
				CLANG_WARN_COMMA = YES;
				CLANG_WARN_CONSTANT_CONVERSION = YES;
				CLANG_WARN_DEPRECATED_OBJC_IMPLEMENTATIONS = YES;
				CLANG_WARN_DIRECT_OBJC_ISA_USAGE = YES_ERROR;
				CLANG_WARN_DOCUMENTATION_COMMENTS = YES;
				CLANG_WARN_EMPTY_BODY = YES;
				CLANG_WARN_ENUM_CONVERSION = YES;
				CLANG_WARN_INFINITE_RECURSION = YES;
				CLANG_WARN_INT_CONVERSION = YES;
				CLANG_WARN_NON_LITERAL_NULL_CONVERSION = YES;
				CLANG_WARN_OBJC_IMPLICIT_RETAIN_SELF = YES;
				CLANG_WARN_OBJC_LITERAL_CONVERSION = YES;
				CLANG_WARN_OBJC_ROOT_CLASS = YES_ERROR;
				CLANG_WARN_QUOTED_INCLUDE_IN_FRAMEWORK_HEADER = NO;
				CLANG_WARN_RANGE_LOOP_ANALYSIS = YES;
				CLANG_WARN_STRICT_PROTOTYPES = YES;
				CLANG_WARN_SUSPICIOUS_MOVE = YES;
				CLANG_WARN_UNGUARDED_AVAILABILITY = YES_AGGRESSIVE;
				CLANG_WARN_UNREACHABLE_CODE = YES;
				CLANG_WARN__DUPLICATE_METHOD_MATCH = YES;
				COPY_PHASE_STRIP = NO;
				DEBUG_INFORMATION_FORMAT = dwarf;
				DEVELOPMENT_TEAM = SQ5RL484UZ;
				ENABLE_STRICT_OBJC_MSGSEND = YES;
				ENABLE_TESTABILITY = YES;
				GCC_C_LANGUAGE_STANDARD = gnu11;
				GCC_DYNAMIC_NO_PIC = NO;
				GCC_NO_COMMON_BLOCKS = YES;
				GCC_OPTIMIZATION_LEVEL = 0;
				GCC_PREPROCESSOR_DEFINITIONS = (
					"DEBUG=1",
					"$(inherited)",
				);
				GCC_WARN_64_TO_32_BIT_CONVERSION = YES;
				GCC_WARN_ABOUT_RETURN_TYPE = YES_ERROR;
				GCC_WARN_UNDECLARED_SELECTOR = YES;
				GCC_WARN_UNINITIALIZED_AUTOS = YES_AGGRESSIVE;
				GCC_WARN_UNUSED_FUNCTION = YES;
				GCC_WARN_UNUSED_VARIABLE = YES;
				IPHONEOS_DEPLOYMENT_TARGET = 13.2;
				MTL_ENABLE_DEBUG_INFO = INCLUDE_SOURCE;
				MTL_FAST_MATH = YES;
				ONLY_ACTIVE_ARCH = YES;
				SDKROOT = iphoneos;
				SWIFT_ACTIVE_COMPILATION_CONDITIONS = DEBUG;
				SWIFT_COMPILATION_MODE = singlefile;
				SWIFT_OPTIMIZATION_LEVEL = "-Onone";
			};
			name = Debug;
		};
		8418F67E241ECB52002DC8A0 /* Release */ = {
			isa = XCBuildConfiguration;
			buildSettings = {
				ALWAYS_SEARCH_USER_PATHS = NO;
				CLANG_ANALYZER_NONNULL = YES;
				CLANG_ANALYZER_NUMBER_OBJECT_CONVERSION = YES_AGGRESSIVE;
				CLANG_CXX_LANGUAGE_STANDARD = "gnu++14";
				CLANG_CXX_LIBRARY = "libc++";
				CLANG_ENABLE_MODULES = YES;
				CLANG_ENABLE_OBJC_ARC = YES;
				CLANG_ENABLE_OBJC_WEAK = YES;
				CLANG_WARN_BLOCK_CAPTURE_AUTORELEASING = YES;
				CLANG_WARN_BOOL_CONVERSION = YES;
				CLANG_WARN_COMMA = YES;
				CLANG_WARN_CONSTANT_CONVERSION = YES;
				CLANG_WARN_DEPRECATED_OBJC_IMPLEMENTATIONS = YES;
				CLANG_WARN_DIRECT_OBJC_ISA_USAGE = YES_ERROR;
				CLANG_WARN_DOCUMENTATION_COMMENTS = YES;
				CLANG_WARN_EMPTY_BODY = YES;
				CLANG_WARN_ENUM_CONVERSION = YES;
				CLANG_WARN_INFINITE_RECURSION = YES;
				CLANG_WARN_INT_CONVERSION = YES;
				CLANG_WARN_NON_LITERAL_NULL_CONVERSION = YES;
				CLANG_WARN_OBJC_IMPLICIT_RETAIN_SELF = YES;
				CLANG_WARN_OBJC_LITERAL_CONVERSION = YES;
				CLANG_WARN_OBJC_ROOT_CLASS = YES_ERROR;
				CLANG_WARN_QUOTED_INCLUDE_IN_FRAMEWORK_HEADER = NO;
				CLANG_WARN_RANGE_LOOP_ANALYSIS = YES;
				CLANG_WARN_STRICT_PROTOTYPES = YES;
				CLANG_WARN_SUSPICIOUS_MOVE = YES;
				CLANG_WARN_UNGUARDED_AVAILABILITY = YES_AGGRESSIVE;
				CLANG_WARN_UNREACHABLE_CODE = YES;
				CLANG_WARN__DUPLICATE_METHOD_MATCH = YES;
				COPY_PHASE_STRIP = NO;
				DEBUG_INFORMATION_FORMAT = "dwarf-with-dsym";
				DEVELOPMENT_TEAM = SQ5RL484UZ;
				ENABLE_NS_ASSERTIONS = NO;
				ENABLE_STRICT_OBJC_MSGSEND = YES;
				GCC_C_LANGUAGE_STANDARD = gnu11;
				GCC_NO_COMMON_BLOCKS = YES;
				GCC_WARN_64_TO_32_BIT_CONVERSION = YES;
				GCC_WARN_ABOUT_RETURN_TYPE = YES_ERROR;
				GCC_WARN_UNDECLARED_SELECTOR = YES;
				GCC_WARN_UNINITIALIZED_AUTOS = YES_AGGRESSIVE;
				GCC_WARN_UNUSED_FUNCTION = YES;
				GCC_WARN_UNUSED_VARIABLE = YES;
				IPHONEOS_DEPLOYMENT_TARGET = 13.2;
				MTL_ENABLE_DEBUG_INFO = NO;
				MTL_FAST_MATH = YES;
				SDKROOT = iphoneos;
				SWIFT_COMPILATION_MODE = wholemodule;
				SWIFT_OPTIMIZATION_LEVEL = "-Onone";
				VALIDATE_PRODUCT = YES;
			};
			name = Release;
		};
		8418F680241ECB52002DC8A0 /* Debug */ = {
			isa = XCBuildConfiguration;
			baseConfigurationReference = 62FDF55041CD3DCD8376896C /* Pods-Filest.debug.xcconfig */;
			buildSettings = {
				ASSETCATALOG_COMPILER_APPICON_NAME = AppIcon;
				CODE_SIGN_ENTITLEMENTS = "";
				CODE_SIGN_INJECT_BASE_ENTITLEMENTS = YES;
				CODE_SIGN_STYLE = Automatic;
				DEVELOPMENT_TEAM = SQ5RL484UZ;
				INFOPLIST_FILE = Filest/Info.plist;
				LD_RUNPATH_SEARCH_PATHS = (
					"$(inherited)",
					"@executable_path/Frameworks",
				);
				PRODUCT_BUNDLE_IDENTIFIER = "com.Z-Lux.Filest1234567";
				PRODUCT_NAME = "$(TARGET_NAME)";
				SWIFT_VERSION = 5.0;
				TARGETED_DEVICE_FAMILY = "1,2";
			};
			name = Debug;
		};
		8418F681241ECB52002DC8A0 /* Release */ = {
			isa = XCBuildConfiguration;
			baseConfigurationReference = 5D5D92F0459853EE025D9CFA /* Pods-Filest.release.xcconfig */;
			buildSettings = {
				ASSETCATALOG_COMPILER_APPICON_NAME = AppIcon;
				CODE_SIGN_ENTITLEMENTS = "";
				CODE_SIGN_INJECT_BASE_ENTITLEMENTS = YES;
				CODE_SIGN_STYLE = Automatic;
				DEVELOPMENT_TEAM = SQ5RL484UZ;
				INFOPLIST_FILE = Filest/Info.plist;
				LD_RUNPATH_SEARCH_PATHS = (
					"$(inherited)",
					"@executable_path/Frameworks",
				);
				PRODUCT_BUNDLE_IDENTIFIER = "com.Z-Lux.Filest1234567";
				PRODUCT_NAME = "$(TARGET_NAME)";
				SWIFT_VERSION = 5.0;
				TARGETED_DEVICE_FAMILY = "1,2";
			};
			name = Release;
		};
/* End XCBuildConfiguration section */

/* Begin XCConfigurationList section */
		8418F666241ECB50002DC8A0 /* Build configuration list for PBXProject "Filest" */ = {
			isa = XCConfigurationList;
			buildConfigurations = (
				8418F67D241ECB52002DC8A0 /* Debug */,
				8418F67E241ECB52002DC8A0 /* Release */,
			);
			defaultConfigurationIsVisible = 0;
			defaultConfigurationName = Release;
		};
		8418F67F241ECB52002DC8A0 /* Build configuration list for PBXNativeTarget "Filest" */ = {
			isa = XCConfigurationList;
			buildConfigurations = (
				8418F680241ECB52002DC8A0 /* Debug */,
				8418F681241ECB52002DC8A0 /* Release */,
			);
			defaultConfigurationIsVisible = 0;
			defaultConfigurationName = Release;
		};
/* End XCConfigurationList section */
	};
	rootObject = 8418F663241ECB50002DC8A0 /* Project object */;
}
